
Microsoft Visual Studio Solution File, Format Version 12.00
# Visual Studio Version 16
VisualStudioVersion = 16.0.32228.343
MinimumVisualStudioVersion = 10.0.40219.1
Project("{FAE04EC0-301F-11D3-BF4B-00C04F79EFBC}") = "Panel_operatorski", "Panel_operatorski\Panel_operatorski.csproj", "{ED11A9E6-0C04-4687-ABFC-9FA8E18788A8}"
EndProject
Global
	GlobalSection(SolutionConfigurationPlatforms) = preSolution
		Debug|Any CPU = Debug|Any CPU
		Release|Any CPU = Release|Any CPU
	EndGlobalSection
	GlobalSection(ProjectConfigurationPlatforms) = postSolution
		{ED11A9E6-0C04-4687-ABFC-9FA8E18788A8}.Debug|Any CPU.ActiveCfg = Debug|Any CPU
		{ED11A9E6-0C04-4687-ABFC-9FA8E18788A8}.Debug|Any CPU.Build.0 = Debug|Any CPU
		{ED11A9E6-0C04-4687-ABFC-9FA8E18788A8}.Release|Any CPU.ActiveCfg = Release|Any CPU
		{ED11A9E6-0C04-4687-ABFC-9FA8E18788A8}.Release|Any CPU.Build.0 = Release|Any CPU
	EndGlobalSection
	GlobalSection(SolutionProperties) = preSolution
		HideSolutionNode = FALSE
	EndGlobalSection
	GlobalSection(ExtensibilityGlobals) = postSolution
		SolutionGuid = {170096F7-F43F-4E69-8AB5-20B8A000D438}
	EndGlobalSection
EndGlobal
